
Microsoft Visual Studio Solution File, Format Version 12.00
# Visual Studio Version 17
VisualStudioVersion = 17.5.33627.172
MinimumVisualStudioVersion = 10.0.40219.1
Project("{9A19103F-16F7-4668-BE54-9A1E7A4F7556}") = "Autoszerelo_backend", "Autoszerelo_backend.csproj", "{311A37B3-DD52-4AE8-A3FE-5CC53C357884}"
EndProject
Project("{9A19103F-16F7-4668-BE54-9A1E7A4F7556}") = "autoszerelo_frontend_office", "..\autoszerelo_frontend_office\autoszerelo_frontend_office.csproj", "{DBD0339C-39CA-4D86-997C-226AE908EF77}"
EndProject
Project("{9A19103F-16F7-4668-BE54-9A1E7A4F7556}") = "autoszerelo_models", "..\autoszerelo_models\autoszerelo_models.csproj", "{CEC34194-9F14-4122-96FA-3A9ABA901E1F}"
EndProject
Project("{FAE04EC0-301F-11D3-BF4B-00C04F79EFBC}") = "autoszerelo_frontend_mechanic", "..\autoszerelo_frontend_mechanic\autoszerelo_frontend_mechanic.csproj", "{41AB6886-8879-4D02-B5CE-536597B48FE7}"
EndProject
Global
	GlobalSection(SolutionConfigurationPlatforms) = preSolution
		Debug|Any CPU = Debug|Any CPU
		Release|Any CPU = Release|Any CPU
	EndGlobalSection
	GlobalSection(ProjectConfigurationPlatforms) = postSolution
		{311A37B3-DD52-4AE8-A3FE-5CC53C357884}.Debug|Any CPU.ActiveCfg = Debug|Any CPU
		{311A37B3-DD52-4AE8-A3FE-5CC53C357884}.Debug|Any CPU.Build.0 = Debug|Any CPU
		{311A37B3-DD52-4AE8-A3FE-5CC53C357884}.Release|Any CPU.ActiveCfg = Release|Any CPU
		{311A37B3-DD52-4AE8-A3FE-5CC53C357884}.Release|Any CPU.Build.0 = Release|Any CPU
		{DBD0339C-39CA-4D86-997C-226AE908EF77}.Debug|Any CPU.ActiveCfg = Debug|Any CPU
		{DBD0339C-39CA-4D86-997C-226AE908EF77}.Debug|Any CPU.Build.0 = Debug|Any CPU
		{DBD0339C-39CA-4D86-997C-226AE908EF77}.Release|Any CPU.ActiveCfg = Release|Any CPU
		{DBD0339C-39CA-4D86-997C-226AE908EF77}.Release|Any CPU.Build.0 = Release|Any CPU
		{CEC34194-9F14-4122-96FA-3A9ABA901E1F}.Debug|Any CPU.ActiveCfg = Debug|Any CPU
		{CEC34194-9F14-4122-96FA-3A9ABA901E1F}.Debug|Any CPU.Build.0 = Debug|Any CPU
		{CEC34194-9F14-4122-96FA-3A9ABA901E1F}.Release|Any CPU.ActiveCfg = Release|Any CPU
		{CEC34194-9F14-4122-96FA-3A9ABA901E1F}.Release|Any CPU.Build.0 = Release|Any CPU
		{41AB6886-8879-4D02-B5CE-536597B48FE7}.Debug|Any CPU.ActiveCfg = Debug|Any CPU
		{41AB6886-8879-4D02-B5CE-536597B48FE7}.Debug|Any CPU.Build.0 = Debug|Any CPU
		{41AB6886-8879-4D02-B5CE-536597B48FE7}.Release|Any CPU.ActiveCfg = Release|Any CPU
		{41AB6886-8879-4D02-B5CE-536597B48FE7}.Release|Any CPU.Build.0 = Release|Any CPU
	EndGlobalSection
	GlobalSection(SolutionProperties) = preSolution
		HideSolutionNode = FALSE
	EndGlobalSection
	GlobalSection(ExtensibilityGlobals) = postSolution
		SolutionGuid = {030C18ED-A35F-4600-B804-22CD4A9F885E}
	EndGlobalSection
EndGlobal
