
Microsoft Visual Studio Solution File, Format Version 12.00
# Visual Studio Version 17
VisualStudioVersion = 17.5.33627.172
MinimumVisualStudioVersion = 10.0.40219.1
Project("{FAE04EC0-301F-11D3-BF4B-00C04F79EFBC}") = "Autoszerelo.API", "Autoszerelo.API.csproj", "{A1FEDD27-4C1E-4356-A873-86A7BBD20E13}"
EndProject
Project("{FAE04EC0-301F-11D3-BF4B-00C04F79EFBC}") = "Autoszerelo.Models", "..\Autoszerelo.Models\Autoszerelo.Models.csproj", "{D8D8C6DE-6484-49C0-AD83-C9DA4581BCD4}"
EndProject
Project("{FAE04EC0-301F-11D3-BF4B-00C04F79EFBC}") = "Autoszerelo.Client.Office", "..\Autoszerelo.Client.Office\Autoszerelo.Client.Office.csproj", "{76D712D1-70E7-46C7-8C29-FB824C23F945}"
EndProject
Project("{FAE04EC0-301F-11D3-BF4B-00C04F79EFBC}") = "Autoszerelo.Client.Mechanic", "..\Autoszerelo.Client.Mechanic\Autoszerelo.Client.Mechanic.csproj", "{3FF6858C-685D-4FE0-BC02-2C2921F7A922}"
EndProject
Global
	GlobalSection(SolutionConfigurationPlatforms) = preSolution
		Debug|Any CPU = Debug|Any CPU
		Release|Any CPU = Release|Any CPU
	EndGlobalSection
	GlobalSection(ProjectConfigurationPlatforms) = postSolution
		{A1FEDD27-4C1E-4356-A873-86A7BBD20E13}.Debug|Any CPU.ActiveCfg = Debug|Any CPU
		{A1FEDD27-4C1E-4356-A873-86A7BBD20E13}.Debug|Any CPU.Build.0 = Debug|Any CPU
		{A1FEDD27-4C1E-4356-A873-86A7BBD20E13}.Release|Any CPU.ActiveCfg = Release|Any CPU
		{A1FEDD27-4C1E-4356-A873-86A7BBD20E13}.Release|Any CPU.Build.0 = Release|Any CPU
		{D8D8C6DE-6484-49C0-AD83-C9DA4581BCD4}.Debug|Any CPU.ActiveCfg = Debug|Any CPU
		{D8D8C6DE-6484-49C0-AD83-C9DA4581BCD4}.Debug|Any CPU.Build.0 = Debug|Any CPU
		{D8D8C6DE-6484-49C0-AD83-C9DA4581BCD4}.Release|Any CPU.ActiveCfg = Release|Any CPU
		{D8D8C6DE-6484-49C0-AD83-C9DA4581BCD4}.Release|Any CPU.Build.0 = Release|Any CPU
		{76D712D1-70E7-46C7-8C29-FB824C23F945}.Debug|Any CPU.ActiveCfg = Debug|Any CPU
		{76D712D1-70E7-46C7-8C29-FB824C23F945}.Debug|Any CPU.Build.0 = Debug|Any CPU
		{76D712D1-70E7-46C7-8C29-FB824C23F945}.Release|Any CPU.ActiveCfg = Release|Any CPU
		{76D712D1-70E7-46C7-8C29-FB824C23F945}.Release|Any CPU.Build.0 = Release|Any CPU
		{3FF6858C-685D-4FE0-BC02-2C2921F7A922}.Debug|Any CPU.ActiveCfg = Debug|Any CPU
		{3FF6858C-685D-4FE0-BC02-2C2921F7A922}.Debug|Any CPU.Build.0 = Debug|Any CPU
		{3FF6858C-685D-4FE0-BC02-2C2921F7A922}.Release|Any CPU.ActiveCfg = Release|Any CPU
		{3FF6858C-685D-4FE0-BC02-2C2921F7A922}.Release|Any CPU.Build.0 = Release|Any CPU
	EndGlobalSection
	GlobalSection(SolutionProperties) = preSolution
		HideSolutionNode = FALSE
	EndGlobalSection
	GlobalSection(ExtensibilityGlobals) = postSolution
		SolutionGuid = {10794C09-580A-4997-AEFD-965A437E4A52}
	EndGlobalSection
EndGlobal
